{
  "lockfile_version": "1",
  "packages": {
    "github:NixOS/nixpkgs/nixpkgs-unstable": {
      "last_modified": "2026-10-05T09:07:57Z",
      "resolved": "github:NixOS/nixpkgs/aa48d347080940b8a2b8d2f48228674e280a3514?lastModified=1791191277&narHash=sha256-i8KuaINOYLvB2oQikGvtRmdZRxATRxsI9Yad2pp7dEA%3D"
    },
    "python@3.12": {
      "last_modified": "2026-08-27T07:16:00Z",
      "resolved": "github:NixOS/nixpkgs/c27cdad491a991b11ed731760aa2ef8db0cb0410#python312",
      "source": "devbox-search",
      "version": "3.12.14",
      "systems": {
        "aarch64-darwin": {
          "outputs": [
            {
              "name": "out",
              "path": "/nix/store/p1wfv7znig26m3hns4583cb9va3kzxkg-python3-3.12.14",
              "default": true
            }
          ],
          "store_path": "/nix/store/p1wfv7znig26m3hns4583cb9va3kzxkg-python3-3.12.14"
        },
        "aarch64-linux": {
          "outputs": [
            {
              "name": "out",
              "path": "/nix/store/gsf1fvx39nm1hlj8wq6qr1xjicxnzf2v-python3-3.12.14",
              "default": true
            },
            {
              "name": "debug",
              "path": "/nix/store/n26dkq3a90vpsly3cmpjm7k5bz7i6las-python3-3.12.14-debug"
            }
          ],
          "store_path": "/nix/store/gsf1fvx39nm1hlj8wq6qr1xjicxnzf2v-python3-3.12.14"
        },
        "x86_64-linux": {
          "outputs": [
            {
              "name": "out",
              "path": "/nix/store/9ka5lknbqqg6nzs3zp6qyncf1k3ayz97-python3-3.12.14",
              "default": true
            },
            {
              "name": "debug",
              "path": "/nix/store/ikyc73znayjnlld5rj1mwws9rhi0gaba-python3-3.12.14-debug"
            }
          ],
          "store_path": "/nix/store/9ka5lknbqqg6nzs3zp6qyncf1k3ayz97-python3-3.12.14"
        }
      }
    }
  }
}
